
Microsoft Visual Studio Solution File, Format Version 12.00
# Visual Studio Version 17
VisualStudioVersion = 17.4.33213.308
MinimumVisualStudioVersion = 10.0.40219.1
Project("{FAE04EC0-301F-11D3-BF4B-00C04F79EFBC}") = "CourseManagement", "CourseManagement.csproj", "{2F81F5B5-2EE8-48AB-8B2A-D9A056E418E2}"
EndProject
Project("{FAE04EC0-301F-11D3-BF4B-00C04F79EFBC}") = "Form", "..\Form\Form.csproj", "{8D67133A-66BA-4B29-AB57-C8B22A1311C5}"
EndProject
Project("{FAE04EC0-301F-11D3-BF4B-00C04F79EFBC}") = "MyControls", "..\MyControls\MyControls.csproj", "{AFC88F5C-ECC2-4313-96C7-6ACC086C3485}"
EndProject
Project("{FAE04EC0-301F-11D3-BF4B-00C04F79EFBC}") = "Pagination", "..\Pagination\Pagination.csproj", "{CAE97AEA-7E47-4B9C-AC50-11B4F8269570}"
EndProject
Global
	GlobalSection(SolutionConfigurationPlatforms) = preSolution
		Debug|Any CPU = Debug|Any CPU
		Release|Any CPU = Release|Any CPU
	EndGlobalSection
	GlobalSection(ProjectConfigurationPlatforms) = postSolution
		{2F81F5B5-2EE8-48AB-8B2A-D9A056E418E2}.Debug|Any CPU.ActiveCfg = Debug|Any CPU
		{2F81F5B5-2EE8-48AB-8B2A-D9A056E418E2}.Debug|Any CPU.Build.0 = Debug|Any CPU
		{2F81F5B5-2EE8-48AB-8B2A-D9A056E418E2}.Release|Any CPU.ActiveCfg = Release|Any CPU
		{2F81F5B5-2EE8-48AB-8B2A-D9A056E418E2}.Release|Any CPU.Build.0 = Release|Any CPU
		{8D67133A-66BA-4B29-AB57-C8B22A1311C5}.Debug|Any CPU.ActiveCfg = Debug|Any CPU
		{8D67133A-66BA-4B29-AB57-C8B22A1311C5}.Debug|Any CPU.Build.0 = Debug|Any CPU
		{8D67133A-66BA-4B29-AB57-C8B22A1311C5}.Release|Any CPU.ActiveCfg = Release|Any CPU
		{8D67133A-66BA-4B29-AB57-C8B22A1311C5}.Release|Any CPU.Build.0 = Release|Any CPU
		{AFC88F5C-ECC2-4313-96C7-6ACC086C3485}.Debug|Any CPU.ActiveCfg = Debug|Any CPU
		{AFC88F5C-ECC2-4313-96C7-6ACC086C3485}.Debug|Any CPU.Build.0 = Debug|Any CPU
		{AFC88F5C-ECC2-4313-96C7-6ACC086C3485}.Release|Any CPU.ActiveCfg = Release|Any CPU
		{AFC88F5C-ECC2-4313-96C7-6ACC086C3485}.Release|Any CPU.Build.0 = Release|Any CPU
		{CAE97AEA-7E47-4B9C-AC50-11B4F8269570}.Debug|Any CPU.ActiveCfg = Debug|Any CPU
		{CAE97AEA-7E47-4B9C-AC50-11B4F8269570}.Debug|Any CPU.Build.0 = Debug|Any CPU
		{CAE97AEA-7E47-4B9C-AC50-11B4F8269570}.Release|Any CPU.ActiveCfg = Release|Any CPU
		{CAE97AEA-7E47-4B9C-AC50-11B4F8269570}.Release|Any CPU.Build.0 = Release|Any CPU
	EndGlobalSection
	GlobalSection(SolutionProperties) = preSolution
		HideSolutionNode = FALSE
	EndGlobalSection
	GlobalSection(ExtensibilityGlobals) = postSolution
		SolutionGuid = {2B633909-2A3A-414D-BE7C-05B1C804C14D}
	EndGlobalSection
EndGlobal
